{
    "version": 3,
    "terraform_version": "0.11.11",
    "serial": 7,
    "lineage": "515b2a0d-6317-615b-3d20-a14cdba0014f",
    "modules": [
        {
            "path": [
                "root"
            ],
            "outputs": {},
            "resources": {
                "azurerm_network_interface.nic": {
                    "type": "azurerm_network_interface",
                    "depends_on": [
                        "azurerm_public_ip.pip",
                        "azurerm_resource_group.rg",
                        "azurerm_subnet.subnet"
                    ],
                    "primary": {
                        "id": "/subscriptions/c2483929-bdde-40b3-992e-66dd68f52928/resourceGroups/myrg/providers/Microsoft.Network/networkInterfaces/attdemo372019nic",
                        "attributes": {
                            "applied_dns_servers.#": "0",
                            "dns_servers.#": "0",
                            "enable_accelerated_networking": "false",
                            "enable_ip_forwarding": "false",
                            "id": "/subscriptions/c2483929-bdde-40b3-992e-66dd68f52928/resourceGroups/myrg/providers/Microsoft.Network/networkInterfaces/attdemo372019nic",
                            "internal_dns_name_label": "",
                            "internal_fqdn": "",
                            "ip_configuration.#": "1",
                            "ip_configuration.0.application_gateway_backend_address_pools_ids.#": "0",
                            "ip_configuration.0.application_security_group_ids.#": "0",
                            "ip_configuration.0.load_balancer_backend_address_pools_ids.#": "0",
                            "ip_configuration.0.load_balancer_inbound_nat_rules_ids.#": "0",
                            "ip_configuration.0.name": "attdemo372019ipconfig",
                            "ip_configuration.0.primary": "true",
                            "ip_configuration.0.private_ip_address": "",
                            "ip_configuration.0.private_ip_address_allocation": "dynamic",
                            "ip_configuration.0.private_ip_address_version": "IPv4",
                            "ip_configuration.0.public_ip_address_id": "/subscriptions/c2483929-bdde-40b3-992e-66dd68f52928/resourceGroups/myrg/providers/Microsoft.Network/publicIPAddresses/attdemo372019-ip",
                            "ip_configuration.0.subnet_id": "/subscriptions/c2483929-bdde-40b3-992e-66dd68f52928/resourceGroups/myrg/providers/Microsoft.Network/virtualNetworks/attdemo372019vnet/subnets/attdemo372019subnet",
                            "location": "southcentralus",
                            "mac_address": "",
                            "name": "attdemo372019nic",
                            "network_security_group_id": "",
                            "private_ip_address": "10.0.0.4",
                            "private_ip_addresses.#": "1",
                            "private_ip_addresses.0": "10.0.0.4",
                            "resource_group_name": "myrg",
                            "tags.%": "0"
                        },
                        "meta": {},
                        "tainted": false
                    },
                    "deposed": [],
                    "provider": "provider.azurerm"
                },
                "azurerm_public_ip.pip": {
                    "type": "azurerm_public_ip",
                    "depends_on": [
                        "azurerm_resource_group.rg"
                    ],
                    "primary": {
                        "id": "/subscriptions/c2483929-bdde-40b3-992e-66dd68f52928/resourceGroups/myrg/providers/Microsoft.Network/publicIPAddresses/attdemo372019-ip",
                        "attributes": {
                            "allocation_method": "Dynamic",
                            "domain_name_label": "attdemo372019",
                            "fqdn": "attdemo372019.southcentralus.cloudapp.azure.com",
                            "id": "/subscriptions/c2483929-bdde-40b3-992e-66dd68f52928/resourceGroups/myrg/providers/Microsoft.Network/publicIPAddresses/attdemo372019-ip",
                            "idle_timeout_in_minutes": "4",
                            "ip_address": "",
                            "ip_version": "IPv4",
                            "location": "southcentralus",
                            "name": "attdemo372019-ip",
                            "public_ip_address_allocation": "Dynamic",
                            "resource_group_name": "myrg",
                            "reverse_fqdn": "",
                            "sku": "Basic",
                            "tags.%": "0",
                            "zones.#": "0"
                        },
                        "meta": {},
                        "tainted": false
                    },
                    "deposed": [],
                    "provider": "provider.azurerm"
                },
                "azurerm_resource_group.rg": {
                    "type": "azurerm_resource_group",
                    "depends_on": [],
                    "primary": {
                        "id": "/subscriptions/c2483929-bdde-40b3-992e-66dd68f52928/resourceGroups/myrg",
                        "attributes": {
                            "id": "/subscriptions/c2483929-bdde-40b3-992e-66dd68f52928/resourceGroups/myrg",
                            "location": "southcentralus",
                            "name": "myrg",
                            "tags.%": "0"
                        },
                        "meta": {},
                        "tainted": false
                    },
                    "deposed": [],
                    "provider": "provider.azurerm"
                },
                "azurerm_subnet.subnet": {
                    "type": "azurerm_subnet",
                    "depends_on": [
                        "azurerm_resource_group.rg",
                        "azurerm_virtual_network.vnet"
                    ],
                    "primary": {
                        "id": "/subscriptions/c2483929-bdde-40b3-992e-66dd68f52928/resourceGroups/myrg/providers/Microsoft.Network/virtualNetworks/attdemo372019vnet/subnets/attdemo372019subnet",
                        "attributes": {
                            "address_prefix": "10.0.0.0/24",
                            "delegation.#": "0",
                            "id": "/subscriptions/c2483929-bdde-40b3-992e-66dd68f52928/resourceGroups/myrg/providers/Microsoft.Network/virtualNetworks/attdemo372019vnet/subnets/attdemo372019subnet",
                            "ip_configurations.#": "0",
                            "name": "attdemo372019subnet",
                            "network_security_group_id": "",
                            "resource_group_name": "myrg",
                            "route_table_id": "",
                            "service_endpoints.#": "0",
                            "virtual_network_name": "attdemo372019vnet"
                        },
                        "meta": {},
                        "tainted": false
                    },
                    "deposed": [],
                    "provider": "provider.azurerm"
                },
                "azurerm_virtual_network.vnet": {
                    "type": "azurerm_virtual_network",
                    "depends_on": [
                        "azurerm_resource_group.rg"
                    ],
                    "primary": {
                        "id": "/subscriptions/c2483929-bdde-40b3-992e-66dd68f52928/resourceGroups/myrg/providers/Microsoft.Network/virtualNetworks/attdemo372019vnet",
                        "attributes": {
                            "address_space.#": "1",
                            "address_space.0": "10.0.0.0/24",
                            "ddos_protection_plan.#": "0",
                            "dns_servers.#": "0",
                            "id": "/subscriptions/c2483929-bdde-40b3-992e-66dd68f52928/resourceGroups/myrg/providers/Microsoft.Network/virtualNetworks/attdemo372019vnet",
                            "location": "southcentralus",
                            "name": "attdemo372019vnet",
                            "resource_group_name": "myrg",
                            "subnet.#": "0",
                            "tags.%": "0"
                        },
                        "meta": {},
                        "tainted": false
                    },
                    "deposed": [],
                    "provider": "provider.azurerm"
                },
                "data.azurerm_shared_image_version.image": {
                    "type": "azurerm_shared_image_version",
                    "depends_on": [],
                    "primary": {
                        "id": "/subscriptions/c2483929-bdde-40b3-992e-66dd68f52928/resourceGroups/SharedImageGallery/providers/Microsoft.Compute/galleries/attdemo/images/ubuntu_tomcat/versions/1.0.0",
                        "attributes": {
                            "exclude_from_latest": "false",
                            "gallery_name": "attdemo",
                            "id": "/subscriptions/c2483929-bdde-40b3-992e-66dd68f52928/resourceGroups/SharedImageGallery/providers/Microsoft.Compute/galleries/attdemo/images/ubuntu_tomcat/versions/1.0.0",
                            "image_name": "ubuntu_tomcat",
                            "location": "eastus",
                            "managed_image_id": "/subscriptions/c2483929-bdde-40b3-992e-66dd68f52928/resourceGroups/Client-VM2/providers/Microsoft.Compute/images/myPackerImage",
                            "name": "1.0.0",
                            "resource_group_name": "SharedImageGallery",
                            "tags.%": "0",
                            "target_region.#": "1",
                            "target_region.0.name": "canadacentral",
                            "target_region.0.regional_replica_count": "1"
                        },
                        "meta": {},
                        "tainted": false
                    },
                    "deposed": [],
                    "provider": "provider.azurerm"
                }
            },
            "depends_on": []
        }
    ]
}
