{
    "version": 3,
    "terraform_version": "0.11.11",
    "serial": 8,
    "lineage": "b8ce8730-48da-7536-70bd-2498c82bd548",
    "modules": [
        {
            "path": [
                "root"
            ],
            "outputs": {},
            "resources": {
                "azurerm_key_vault.test": {
                    "type": "azurerm_key_vault",
                    "depends_on": [
                        "azurerm_resource_group.test"
                    ],
                    "primary": {
                        "id": "/subscriptions/c2483929-bdde-40b3-992e-66dd68f52928/resourceGroups/Client-VM2/providers/Microsoft.KeyVault/vaults/testvaultprithvi",
                        "attributes": {
                            "access_policy.#": "1",
                            "access_policy.0.application_id": "",
                            "access_policy.0.certificate_permissions.#": "0",
                            "access_policy.0.key_permissions.#": "16",
                            "access_policy.0.key_permissions.0": "backup",
                            "access_policy.0.key_permissions.1": "create",
                            "access_policy.0.key_permissions.10": "restore",
                            "access_policy.0.key_permissions.11": "sign",
                            "access_policy.0.key_permissions.12": "unwrapKey",
                            "access_policy.0.key_permissions.13": "update",
                            "access_policy.0.key_permissions.14": "verify",
                            "access_policy.0.key_permissions.15": "wrapKey",
                            "access_policy.0.key_permissions.2": "decrypt",
                            "access_policy.0.key_permissions.3": "delete",
                            "access_policy.0.key_permissions.4": "encrypt",
                            "access_policy.0.key_permissions.5": "get",
                            "access_policy.0.key_permissions.6": "import",
                            "access_policy.0.key_permissions.7": "list",
                            "access_policy.0.key_permissions.8": "purge",
                            "access_policy.0.key_permissions.9": "recover",
                            "access_policy.0.object_id": "8a903e73-2954-4f47-b714-35484412d00a",
                            "access_policy.0.secret_permissions.#": "8",
                            "access_policy.0.secret_permissions.0": "backup",
                            "access_policy.0.secret_permissions.1": "delete",
                            "access_policy.0.secret_permissions.2": "get",
                            "access_policy.0.secret_permissions.3": "list",
                            "access_policy.0.secret_permissions.4": "purge",
                            "access_policy.0.secret_permissions.5": "recover",
                            "access_policy.0.secret_permissions.6": "restore",
                            "access_policy.0.secret_permissions.7": "set",
                            "access_policy.0.tenant_id": "72f988bf-86f1-41af-91ab-2d7cd011db47",
                            "enabled_for_deployment": "false",
                            "enabled_for_disk_encryption": "true",
                            "enabled_for_template_deployment": "false",
                            "id": "/subscriptions/c2483929-bdde-40b3-992e-66dd68f52928/resourceGroups/Client-VM2/providers/Microsoft.KeyVault/vaults/testvaultprithvi",
                            "location": "westus2",
                            "name": "testvaultprithvi",
                            "network_acls.#": "0",
                            "resource_group_name": "Client-VM2",
                            "sku.#": "1",
                            "sku.0.name": "standard",
                            "tags.%": "1",
                            "tags.environment": "Sandbox",
                            "tenant_id": "72f988bf-86f1-41af-91ab-2d7cd011db47",
                            "vault_uri": "https://testvaultprithvi.vault.azure.net/"
                        },
                        "meta": {
                            "schema_version": "1"
                        },
                        "tainted": false
                    },
                    "deposed": [],
                    "provider": "provider.azurerm"
                },
                "azurerm_key_vault_key.generated": {
                    "type": "azurerm_key_vault_key",
                    "depends_on": [
                        "azurerm_key_vault.test"
                    ],
                    "primary": {
                        "id": "https://testvaultprithvi.vault.azure.net/keys/generated-certificate/196f99f903a0445ab4156f04b027974e",
                        "attributes": {
                            "e": "AQAB",
                            "id": "https://testvaultprithvi.vault.azure.net/keys/generated-certificate/196f99f903a0445ab4156f04b027974e",
                            "key_opts.#": "6",
                            "key_opts.0": "decrypt",
                            "key_opts.1": "encrypt",
                            "key_opts.2": "sign",
                            "key_opts.3": "unwrapKey",
                            "key_opts.4": "verify",
                            "key_opts.5": "wrapKey",
                            "key_size": "2048",
                            "key_type": "RSA",
                            "key_vault_id": "/subscriptions/c2483929-bdde-40b3-992e-66dd68f52928/resourceGroups/Client-VM2/providers/Microsoft.KeyVault/vaults/testvaultprithvi",
                            "n": "sqzY7PP0KT9A4mQFWVF20fyYQ3bhUxZIYvvC6aO1rsOi54NoqWdzUwxPO0YUCgCGdDPWDyyUEItw3wMXjcYoxrF8KV8o2FglcMGF8cRV949VJDh3HXyYZrC5gFpOFlLo8qpm8Mjzrv1_gUuO42hdeygmQkP_BTnxbN4mnYmlXsBfr9roJKPqBMtcGJNBjE6qlR55Dz30mQwcxuMLxyLZ33UFK0-3iT0wZ0SVWDuRTbo5ubMvlbhdbGb4HMlApVQ5IjacRLcZIhbsb0B3VlTfTWd3jTch6igC5WlQvaD61vEJibFO9wUxtUmEXBgoLbP6gXTCBQy3bK1QJV06hB3WzQ",
                            "name": "generated-certificate",
                            "tags.%": "0",
                            "vault_uri": "https://testvaultprithvi.vault.azure.net/",
                            "version": "196f99f903a0445ab4156f04b027974e"
                        },
                        "meta": {},
                        "tainted": false
                    },
                    "deposed": [],
                    "provider": "provider.azurerm"
                },
                "azurerm_resource_group.test": {
                    "type": "azurerm_resource_group",
                    "depends_on": [],
                    "primary": {
                        "id": "/subscriptions/c2483929-bdde-40b3-992e-66dd68f52928/resourceGroups/Client-VM2",
                        "attributes": {
                            "id": "/subscriptions/c2483929-bdde-40b3-992e-66dd68f52928/resourceGroups/Client-VM2",
                            "location": "westus2",
                            "name": "Client-VM2",
                            "tags.%": "0"
                        },
                        "meta": {},
                        "tainted": false
                    },
                    "deposed": [],
                    "provider": "provider.azurerm"
                }
            },
            "depends_on": []
        }
    ]
}
